
Microsoft Visual Studio Solution File, Format Version 12.00
# Visual Studio Version 16
VisualStudioVersion = 16.0.31005.135
MinimumVisualStudioVersion = 10.0.40219.1
Project("{FAE04EC0-301F-11D3-BF4B-00C04F79EFBC}") = "Exercicio 1", "Exercicio 1\Exercicio 1.csproj", "{ACBAD990-6301-4A15-B1E8-8F7AE4C2AE43}"
EndProject
Global
	GlobalSection(SolutionConfigurationPlatforms) = preSolution
		Debug|Any CPU = Debug|Any CPU
		Release|Any CPU = Release|Any CPU
	EndGlobalSection
	GlobalSection(ProjectConfigurationPlatforms) = postSolution
		{ACBAD990-6301-4A15-B1E8-8F7AE4C2AE43}.Debug|Any CPU.ActiveCfg = Debug|Any CPU
		{ACBAD990-6301-4A15-B1E8-8F7AE4C2AE43}.Debug|Any CPU.Build.0 = Debug|Any CPU
		{ACBAD990-6301-4A15-B1E8-8F7AE4C2AE43}.Release|Any CPU.ActiveCfg = Release|Any CPU
		{ACBAD990-6301-4A15-B1E8-8F7AE4C2AE43}.Release|Any CPU.Build.0 = Release|Any CPU
	EndGlobalSection
	GlobalSection(SolutionProperties) = preSolution
		HideSolutionNode = FALSE
	EndGlobalSection
	GlobalSection(ExtensibilityGlobals) = postSolution
		SolutionGuid = {EE7685AC-09AB-4F46-8EA7-7D8FB3C91AEC}
	EndGlobalSection
EndGlobal
